
Microsoft Visual Studio Solution File, Format Version 12.00
# Visual Studio Version 17
VisualStudioVersion = 17.5.002.0
MinimumVisualStudioVersion = 10.0.40219.1
Project("{9A19103F-16F7-4668-BE54-9A1E7A4F7556}") = "_C#_laba5_", "_C#_laba5_.csproj", "{999BFB40-EBD0-4F51-A4E6-A2CCB3C34CDE}"
EndProject
Global
	GlobalSection(SolutionConfigurationPlatforms) = preSolution
		Debug|Any CPU = Debug|Any CPU
		Release|Any CPU = Release|Any CPU
	EndGlobalSection
	GlobalSection(ProjectConfigurationPlatforms) = postSolution
		{999BFB40-EBD0-4F51-A4E6-A2CCB3C34CDE}.Debug|Any CPU.ActiveCfg = Debug|Any CPU
		{999BFB40-EBD0-4F51-A4E6-A2CCB3C34CDE}.Debug|Any CPU.Build.0 = Debug|Any CPU
		{999BFB40-EBD0-4F51-A4E6-A2CCB3C34CDE}.Release|Any CPU.ActiveCfg = Release|Any CPU
		{999BFB40-EBD0-4F51-A4E6-A2CCB3C34CDE}.Release|Any CPU.Build.0 = Release|Any CPU
	EndGlobalSection
	GlobalSection(SolutionProperties) = preSolution
		HideSolutionNode = FALSE
	EndGlobalSection
	GlobalSection(ExtensibilityGlobals) = postSolution
		SolutionGuid = {37765029-16A2-4140-BA39-DFB7D176B0A4}
	EndGlobalSection
EndGlobal
